
Microsoft Visual Studio Solution File, Format Version 12.00
# Visual Studio Version 17
VisualStudioVersion = 17.5.33516.290
MinimumVisualStudioVersion = 10.0.40219.1
Project("{FAE04EC0-301F-11D3-BF4B-00C04F79EFBC}") = "Sb3", "Sb3\Sb3.csproj", "{9FEA5C06-0720-48D2-A1D7-C58C0F21ACAA}"
EndProject
Global
	GlobalSection(SolutionConfigurationPlatforms) = preSolution
		Debug|Any CPU = Debug|Any CPU
		Release|Any CPU = Release|Any CPU
	EndGlobalSection
	GlobalSection(ProjectConfigurationPlatforms) = postSolution
		{9FEA5C06-0720-48D2-A1D7-C58C0F21ACAA}.Debug|Any CPU.ActiveCfg = Debug|Any CPU
		{9FEA5C06-0720-48D2-A1D7-C58C0F21ACAA}.Debug|Any CPU.Build.0 = Debug|Any CPU
		{9FEA5C06-0720-48D2-A1D7-C58C0F21ACAA}.Release|Any CPU.ActiveCfg = Release|Any CPU
		{9FEA5C06-0720-48D2-A1D7-C58C0F21ACAA}.Release|Any CPU.Build.0 = Release|Any CPU
	EndGlobalSection
	GlobalSection(SolutionProperties) = preSolution
		HideSolutionNode = FALSE
	EndGlobalSection
	GlobalSection(ExtensibilityGlobals) = postSolution
		SolutionGuid = {89CF3C36-A4B4-40C4-905A-4C0C424FEFC3}
	EndGlobalSection
EndGlobal
