
Microsoft Visual Studio Solution File, Format Version 12.00
# Visual Studio Version 16
VisualStudioVersion = 16.0.31019.35
MinimumVisualStudioVersion = 10.0.40219.1
Project("{888888A0-9F3D-457C-B088-3A5042F75D52}") = "Meniu_7_11", "Meniu_7_11\Meniu_7_11.pyproj", "{7D96029A-ABC6-4DCC-9E3A-B0C5D33DF90D}"
EndProject
Global
	GlobalSection(SolutionConfigurationPlatforms) = preSolution
		Debug|Any CPU = Debug|Any CPU
		Release|Any CPU = Release|Any CPU
	EndGlobalSection
	GlobalSection(ProjectConfigurationPlatforms) = postSolution
		{7D96029A-ABC6-4DCC-9E3A-B0C5D33DF90D}.Debug|Any CPU.ActiveCfg = Debug|Any CPU
		{7D96029A-ABC6-4DCC-9E3A-B0C5D33DF90D}.Release|Any CPU.ActiveCfg = Release|Any CPU
	EndGlobalSection
	GlobalSection(SolutionProperties) = preSolution
		HideSolutionNode = FALSE
	EndGlobalSection
	GlobalSection(ExtensibilityGlobals) = postSolution
		SolutionGuid = {5179BF49-04C5-4EB2-AAD1-F3343090B25D}
	EndGlobalSection
EndGlobal
