
Microsoft Visual Studio Solution File, Format Version 12.00
# Visual Studio Version 16
VisualStudioVersion = 16.0.31019.35
MinimumVisualStudioVersion = 10.0.40219.1
Project("{888888A0-9F3D-457C-B088-3A5042F75D52}") = "Lab3_pr5", "Lab3_pr5\Lab3_pr5.pyproj", "{EDE7005B-CFA7-4FB7-A378-D7A664528141}"
EndProject
Global
	GlobalSection(SolutionConfigurationPlatforms) = preSolution
		Debug|Any CPU = Debug|Any CPU
		Release|Any CPU = Release|Any CPU
	EndGlobalSection
	GlobalSection(ProjectConfigurationPlatforms) = postSolution
		{EDE7005B-CFA7-4FB7-A378-D7A664528141}.Debug|Any CPU.ActiveCfg = Debug|Any CPU
		{EDE7005B-CFA7-4FB7-A378-D7A664528141}.Release|Any CPU.ActiveCfg = Release|Any CPU
	EndGlobalSection
	GlobalSection(SolutionProperties) = preSolution
		HideSolutionNode = FALSE
	EndGlobalSection
	GlobalSection(ExtensibilityGlobals) = postSolution
		SolutionGuid = {3B687793-CFB9-40D7-BD9D-3B1BC09120AD}
	EndGlobalSection
EndGlobal
