
Microsoft Visual Studio Solution File, Format Version 12.00
Project("{FAE04EC0-301F-11D3-BF4B-00C04F79EFBC}") = "Laborator_7", "Laborator_7\Laborator_7.csproj", "{EAC78927-24A6-4F5A-8BE8-60C32CED3F81}"
EndProject
Global
	GlobalSection(SolutionConfigurationPlatforms) = preSolution
		Debug|Any CPU = Debug|Any CPU
		Release|Any CPU = Release|Any CPU
	EndGlobalSection
	GlobalSection(ProjectConfigurationPlatforms) = postSolution
		{EAC78927-24A6-4F5A-8BE8-60C32CED3F81}.Debug|Any CPU.ActiveCfg = Debug|Any CPU
		{EAC78927-24A6-4F5A-8BE8-60C32CED3F81}.Debug|Any CPU.Build.0 = Debug|Any CPU
		{EAC78927-24A6-4F5A-8BE8-60C32CED3F81}.Release|Any CPU.ActiveCfg = Release|Any CPU
		{EAC78927-24A6-4F5A-8BE8-60C32CED3F81}.Release|Any CPU.Build.0 = Release|Any CPU
	EndGlobalSection
EndGlobal
