
Microsoft Visual Studio Solution File, Format Version 12.00
# Visual Studio Version 17
VisualStudioVersion = 17.1.32210.238
MinimumVisualStudioVersion = 10.0.40219.1
Project("{8BC9CEB8-8B4A-11D0-8D11-00A0C91BC942}") = "probl_4", "probl_4\probl_4.vcxproj", "{9444F802-034C-4464-9A43-80BA884902FB}"
EndProject
Global
	GlobalSection(SolutionConfigurationPlatforms) = preSolution
		Debug|x64 = Debug|x64
		Debug|x86 = Debug|x86
		Release|x64 = Release|x64
		Release|x86 = Release|x86
	EndGlobalSection
	GlobalSection(ProjectConfigurationPlatforms) = postSolution
		{9444F802-034C-4464-9A43-80BA884902FB}.Debug|x64.ActiveCfg = Debug|x64
		{9444F802-034C-4464-9A43-80BA884902FB}.Debug|x64.Build.0 = Debug|x64
		{9444F802-034C-4464-9A43-80BA884902FB}.Debug|x86.ActiveCfg = Debug|Win32
		{9444F802-034C-4464-9A43-80BA884902FB}.Debug|x86.Build.0 = Debug|Win32
		{9444F802-034C-4464-9A43-80BA884902FB}.Release|x64.ActiveCfg = Release|x64
		{9444F802-034C-4464-9A43-80BA884902FB}.Release|x64.Build.0 = Release|x64
		{9444F802-034C-4464-9A43-80BA884902FB}.Release|x86.ActiveCfg = Release|Win32
		{9444F802-034C-4464-9A43-80BA884902FB}.Release|x86.Build.0 = Release|Win32
	EndGlobalSection
	GlobalSection(SolutionProperties) = preSolution
		HideSolutionNode = FALSE
	EndGlobalSection
	GlobalSection(ExtensibilityGlobals) = postSolution
		SolutionGuid = {04FEEABC-D003-4D2D-AD68-5C5572195299}
	EndGlobalSection
EndGlobal
