
Microsoft Visual Studio Solution File, Format Version 12.00
# Visual Studio Version 17
VisualStudioVersion = 17.5.33516.290
MinimumVisualStudioVersion = 10.0.40219.1
Project("{FAE04EC0-301F-11D3-BF4B-00C04F79EFBC}") = "Prototip_Interfata", "Prototip_Interfata\Prototip_Interfata.csproj", "{22FCC5DD-783E-4177-9AD0-7A4519E83395}"
EndProject
Global
	GlobalSection(SolutionConfigurationPlatforms) = preSolution
		Debug|Any CPU = Debug|Any CPU
		Release|Any CPU = Release|Any CPU
	EndGlobalSection
	GlobalSection(ProjectConfigurationPlatforms) = postSolution
		{22FCC5DD-783E-4177-9AD0-7A4519E83395}.Debug|Any CPU.ActiveCfg = Debug|Any CPU
		{22FCC5DD-783E-4177-9AD0-7A4519E83395}.Debug|Any CPU.Build.0 = Debug|Any CPU
		{22FCC5DD-783E-4177-9AD0-7A4519E83395}.Release|Any CPU.ActiveCfg = Release|Any CPU
		{22FCC5DD-783E-4177-9AD0-7A4519E83395}.Release|Any CPU.Build.0 = Release|Any CPU
	EndGlobalSection
	GlobalSection(SolutionProperties) = preSolution
		HideSolutionNode = FALSE
	EndGlobalSection
	GlobalSection(ExtensibilityGlobals) = postSolution
		SolutionGuid = {24716207-F624-42FF-AE59-76E78B7F560A}
	EndGlobalSection
EndGlobal
