
Microsoft Visual Studio Solution File, Format Version 12.00
# Visual Studio Version 17
VisualStudioVersion = 17.1.32210.238
MinimumVisualStudioVersion = 10.0.40219.1
Project("{8BC9CEB8-8B4A-11D0-8D11-00A0C91BC942}") = "lab_7", "lab_7\lab_7.vcxproj", "{2F5E5B02-032C-471F-8A66-1633CD3183D2}"
EndProject
Global
	GlobalSection(SolutionConfigurationPlatforms) = preSolution
		Debug|x64 = Debug|x64
		Debug|x86 = Debug|x86
		Release|x64 = Release|x64
		Release|x86 = Release|x86
	EndGlobalSection
	GlobalSection(ProjectConfigurationPlatforms) = postSolution
		{2F5E5B02-032C-471F-8A66-1633CD3183D2}.Debug|x64.ActiveCfg = Debug|x64
		{2F5E5B02-032C-471F-8A66-1633CD3183D2}.Debug|x64.Build.0 = Debug|x64
		{2F5E5B02-032C-471F-8A66-1633CD3183D2}.Debug|x86.ActiveCfg = Debug|Win32
		{2F5E5B02-032C-471F-8A66-1633CD3183D2}.Debug|x86.Build.0 = Debug|Win32
		{2F5E5B02-032C-471F-8A66-1633CD3183D2}.Release|x64.ActiveCfg = Release|x64
		{2F5E5B02-032C-471F-8A66-1633CD3183D2}.Release|x64.Build.0 = Release|x64
		{2F5E5B02-032C-471F-8A66-1633CD3183D2}.Release|x86.ActiveCfg = Release|Win32
		{2F5E5B02-032C-471F-8A66-1633CD3183D2}.Release|x86.Build.0 = Release|Win32
	EndGlobalSection
	GlobalSection(SolutionProperties) = preSolution
		HideSolutionNode = FALSE
	EndGlobalSection
	GlobalSection(ExtensibilityGlobals) = postSolution
		SolutionGuid = {2D709209-35C7-40EE-A142-9DAB940FF70E}
	EndGlobalSection
EndGlobal
