
Microsoft Visual Studio Solution File, Format Version 12.00
# Visual Studio Version 17
VisualStudioVersion = 17.4.33122.133
MinimumVisualStudioVersion = 10.0.40219.1
Project("{FAE04EC0-301F-11D3-BF4B-00C04F79EFBC}") = "helloWorld", "helloWorld\helloWorld.csproj", "{8E49DE7E-784E-4797-BF68-0B77DF3AC857}"
EndProject
Global
	GlobalSection(SolutionConfigurationPlatforms) = preSolution
		Debug|Any CPU = Debug|Any CPU
		Release|Any CPU = Release|Any CPU
	EndGlobalSection
	GlobalSection(ProjectConfigurationPlatforms) = postSolution
		{8E49DE7E-784E-4797-BF68-0B77DF3AC857}.Debug|Any CPU.ActiveCfg = Debug|Any CPU
		{8E49DE7E-784E-4797-BF68-0B77DF3AC857}.Debug|Any CPU.Build.0 = Debug|Any CPU
		{8E49DE7E-784E-4797-BF68-0B77DF3AC857}.Release|Any CPU.ActiveCfg = Release|Any CPU
		{8E49DE7E-784E-4797-BF68-0B77DF3AC857}.Release|Any CPU.Build.0 = Release|Any CPU
	EndGlobalSection
	GlobalSection(SolutionProperties) = preSolution
		HideSolutionNode = FALSE
	EndGlobalSection
	GlobalSection(ExtensibilityGlobals) = postSolution
		SolutionGuid = {D32D3AAA-B053-443C-86BB-EF282EE41B5E}
	EndGlobalSection
EndGlobal
